
Microsoft Visual Studio Solution File, Format Version 12.00
# Visual Studio 14
VisualStudioVersion = 14.0.25420.1
MinimumVisualStudioVersion = 10.0.40219.1
Project("{FAE04EC0-301F-11D3-BF4B-00C04F79EFBC}") = "TestConnection", "TestConnection\TestConnection.csproj", "{BF3A9BF0-CA8F-4A9A-8D88-EF329BD27138}"
EndProject
Project("{FAE04EC0-301F-11D3-BF4B-00C04F79EFBC}") = "ClientBot", "ClientBot\ClientBot.csproj", "{678D9A30-5037-4397-AB84-D91D4E97F7FA}"
EndProject
Project("{FAE04EC0-301F-11D3-BF4B-00C04F79EFBC}") = "ServerChat", "ServerChat\ServerChat.csproj", "{1AEB7EB9-BE31-4CDC-91BC-59FBB80ABB9F}"
EndProject
Project("{FAE04EC0-301F-11D3-BF4B-00C04F79EFBC}") = "Client", "Client\Client.csproj", "{94E3B6D2-BEC5-4CD8-96A0-CC10D7A70254}"
EndProject
Project("{FAE04EC0-301F-11D3-BF4B-00C04F79EFBC}") = "Server", "Server\Server.csproj", "{A92C1EF9-C0AD-4D57-BB53-9585F24E49A3}"
EndProject
Global
	GlobalSection(SolutionConfigurationPlatforms) = preSolution
		Debug|Any CPU = Debug|Any CPU
		Release|Any CPU = Release|Any CPU
	EndGlobalSection
	GlobalSection(ProjectConfigurationPlatforms) = postSolution
		{BF3A9BF0-CA8F-4A9A-8D88-EF329BD27138}.Debug|Any CPU.ActiveCfg = Debug|Any CPU
		{BF3A9BF0-CA8F-4A9A-8D88-EF329BD27138}.Debug|Any CPU.Build.0 = Debug|Any CPU
		{BF3A9BF0-CA8F-4A9A-8D88-EF329BD27138}.Release|Any CPU.ActiveCfg = Release|Any CPU
		{BF3A9BF0-CA8F-4A9A-8D88-EF329BD27138}.Release|Any CPU.Build.0 = Release|Any CPU
		{678D9A30-5037-4397-AB84-D91D4E97F7FA}.Debug|Any CPU.ActiveCfg = Debug|Any CPU
		{678D9A30-5037-4397-AB84-D91D4E97F7FA}.Debug|Any CPU.Build.0 = Debug|Any CPU
		{678D9A30-5037-4397-AB84-D91D4E97F7FA}.Release|Any CPU.ActiveCfg = Release|Any CPU
		{678D9A30-5037-4397-AB84-D91D4E97F7FA}.Release|Any CPU.Build.0 = Release|Any CPU
		{1AEB7EB9-BE31-4CDC-91BC-59FBB80ABB9F}.Debug|Any CPU.ActiveCfg = Debug|Any CPU
		{1AEB7EB9-BE31-4CDC-91BC-59FBB80ABB9F}.Debug|Any CPU.Build.0 = Debug|Any CPU
		{1AEB7EB9-BE31-4CDC-91BC-59FBB80ABB9F}.Release|Any CPU.ActiveCfg = Release|Any CPU
		{1AEB7EB9-BE31-4CDC-91BC-59FBB80ABB9F}.Release|Any CPU.Build.0 = Release|Any CPU
		{94E3B6D2-BEC5-4CD8-96A0-CC10D7A70254}.Debug|Any CPU.ActiveCfg = Debug|Any CPU
		{94E3B6D2-BEC5-4CD8-96A0-CC10D7A70254}.Debug|Any CPU.Build.0 = Debug|Any CPU
		{94E3B6D2-BEC5-4CD8-96A0-CC10D7A70254}.Release|Any CPU.ActiveCfg = Release|Any CPU
		{94E3B6D2-BEC5-4CD8-96A0-CC10D7A70254}.Release|Any CPU.Build.0 = Release|Any CPU
		{A92C1EF9-C0AD-4D57-BB53-9585F24E49A3}.Debug|Any CPU.ActiveCfg = Debug|Any CPU
		{A92C1EF9-C0AD-4D57-BB53-9585F24E49A3}.Debug|Any CPU.Build.0 = Debug|Any CPU
		{A92C1EF9-C0AD-4D57-BB53-9585F24E49A3}.Release|Any CPU.ActiveCfg = Release|Any CPU
		{A92C1EF9-C0AD-4D57-BB53-9585F24E49A3}.Release|Any CPU.Build.0 = Release|Any CPU
	EndGlobalSection
	GlobalSection(SolutionProperties) = preSolution
		HideSolutionNode = FALSE
	EndGlobalSection
EndGlobal
